
Microsoft Visual Studio Solution File, Format Version 12.00
# Visual Studio Version 16
VisualStudioVersion = 16.0.30717.126
MinimumVisualStudioVersion = 10.0.40219.1
Project("{9A19103F-16F7-4668-BE54-9A1E7A4F7556}") = "CursoMVC", "CursoMVC\CursoMVC.csproj", "{66B3D18A-A103-4753-8C5E-7DF5E5478310}"
EndProject
Project("{9A19103F-16F7-4668-BE54-9A1E7A4F7556}") = "CursoAPI", "CursoAPI\CursoAPI.csproj", "{9C688CF6-3F9A-4145-80E1-ADDD547D25BF}"
EndProject
Project("{FAE04EC0-301F-11D3-BF4B-00C04F79EFBC}") = "CursoTest", "CursoTest\CursoTest.csproj", "{8ADB4612-0521-45CA-8578-5215BD36227B}"
EndProject
Global
	GlobalSection(SolutionConfigurationPlatforms) = preSolution
		Debug|Any CPU = Debug|Any CPU
		Release|Any CPU = Release|Any CPU
	EndGlobalSection
	GlobalSection(ProjectConfigurationPlatforms) = postSolution
		{66B3D18A-A103-4753-8C5E-7DF5E5478310}.Debug|Any CPU.ActiveCfg = Debug|Any CPU
		{66B3D18A-A103-4753-8C5E-7DF5E5478310}.Debug|Any CPU.Build.0 = Debug|Any CPU
		{66B3D18A-A103-4753-8C5E-7DF5E5478310}.Release|Any CPU.ActiveCfg = Release|Any CPU
		{66B3D18A-A103-4753-8C5E-7DF5E5478310}.Release|Any CPU.Build.0 = Release|Any CPU
		{9C688CF6-3F9A-4145-80E1-ADDD547D25BF}.Debug|Any CPU.ActiveCfg = Debug|Any CPU
		{9C688CF6-3F9A-4145-80E1-ADDD547D25BF}.Debug|Any CPU.Build.0 = Debug|Any CPU
		{9C688CF6-3F9A-4145-80E1-ADDD547D25BF}.Release|Any CPU.ActiveCfg = Release|Any CPU
		{9C688CF6-3F9A-4145-80E1-ADDD547D25BF}.Release|Any CPU.Build.0 = Release|Any CPU
		{8ADB4612-0521-45CA-8578-5215BD36227B}.Debug|Any CPU.ActiveCfg = Debug|Any CPU
		{8ADB4612-0521-45CA-8578-5215BD36227B}.Debug|Any CPU.Build.0 = Debug|Any CPU
		{8ADB4612-0521-45CA-8578-5215BD36227B}.Release|Any CPU.ActiveCfg = Release|Any CPU
		{8ADB4612-0521-45CA-8578-5215BD36227B}.Release|Any CPU.Build.0 = Release|Any CPU
	EndGlobalSection
	GlobalSection(SolutionProperties) = preSolution
		HideSolutionNode = FALSE
	EndGlobalSection
	GlobalSection(ExtensibilityGlobals) = postSolution
		SolutionGuid = {39E6EB73-8CE1-4B34-800F-2578E3813719}
	EndGlobalSection
EndGlobal
